{
  "lockfileVersion": 1,
  "configVersion": 1,
  "workspaces": {
    "": {
      "name": "bench-rpc-typecost",
      "dependencies": {
        "@hono/zod-openapi": "1.4.0",
        "@orpc/client": "1.14.6",
        "@orpc/contract": "1.14.6",
        "@orpc/server": "1.14.6",
        "hono": "4.12.26",
        "zod": "4.4.3",
      },
      "devDependencies": {
        "@typescript/native-preview": "7.0.0-dev.20260617.2",
        "typescript": "6.0.3",
      },
    },
  },
  "packages": {
    "@asteasolutions/zod-to-openapi": ["@asteasolutions/zod-to-openapi@8.5.0", "", { "dependencies": { "openapi3-ts": "^4.1.2" }, "peerDependencies": { "zod": "^4.0.0" } }, "sha512-SABbKiObg5dLRiTFnqiW1WWwGcg1BJfmHtT2asIBnBHg6Smy/Ms2KHc650+JI4Hw7lSkdiNebEGXpwoxfben8Q=="],

    "@hono/zod-openapi": ["@hono/zod-openapi@1.4.0", "", { "dependencies": { "@asteasolutions/zod-to-openapi": "^8.5.0", "@hono/zod-validator": "^0.8.0", "openapi3-ts": "^4.5.0" }, "peerDependencies": { "hono": ">=4.10.0", "zod": "^4.0.0" } }, "sha512-AFchqR1N/NxfI4hUOSGI2/g8zLROxA1OE7Oh5JJFlTaGxhrdRyH+93gd0tIBpb0z8s9r8hUoNnaOBfHbdb4NMw=="],

    "@hono/zod-validator": ["@hono/zod-validator@0.8.0", "", { "peerDependencies": { "hono": ">=4.10.0", "zod": "^3.25.0 || ^4.0.0" } }, "sha512-5uS4S1/LKtZQYvD4BtpPUFkOv8d1wNxHHrChm26buMiEYc1FrHWvDUaKVBwkiVtvSExHSpLGDvcnpI2Copyj9w=="],

    "@orpc/client": ["@orpc/client@1.14.6", "", { "dependencies": { "@orpc/shared": "1.14.6", "@orpc/standard-server": "1.14.6", "@orpc/standard-server-fetch": "1.14.6", "@orpc/standard-server-peer": "1.14.6" } }, "sha512-Y03NcTtmEJdxcqkKBkdGxqe1IHVpD9IorshG4PaTnz9dQIW+RYI8anRo7o0IlbBlzBICN+Ubo1rnw6bpkhagCQ=="],

    "@orpc/contract": ["@orpc/contract@1.14.6", "", { "dependencies": { "@orpc/client": "1.14.6", "@orpc/shared": "1.14.6", "@standard-schema/spec": "^1.1.0", "openapi-types": "^12.1.3" } }, "sha512-o4i2ciYWtALidF969S8yj/VFk7ZUmHHKaYGRVitX5K2uMaSB8lJM6TMyBKzRC5Clo99VPjCb9mcl6jMLEAgmKw=="],

    "@orpc/interop": ["@orpc/interop@1.14.6", "", {}, "sha512-ZjNaHH9754uUkC98DHfm9HaGnniFnFRLdXXBWL2u+o1TVzEbiNX8dA5+oChxoSTUD3GiwpjLjAuTWXvrbhm4fA=="],

    "@orpc/server": ["@orpc/server@1.14.6", "", { "dependencies": { "@orpc/client": "1.14.6", "@orpc/contract": "1.14.6", "@orpc/interop": "1.14.6", "@orpc/shared": "1.14.6", "@orpc/standard-server": "1.14.6", "@orpc/standard-server-aws-lambda": "1.14.6", "@orpc/standard-server-fastify": "1.14.6", "@orpc/standard-server-fetch": "1.14.6", "@orpc/standard-server-node": "1.14.6", "@orpc/standard-server-peer": "1.14.6", "cookie": "^1.1.1" }, "peerDependencies": { "crossws": ">=0.3.4", "ws": ">=8.18.1" }, "optionalPeers": ["crossws", "ws"] }, "sha512-aHn8dW2clr/fRZzMLbRsZ1Pe4AYxg7YmM3tSZSAkPjn5/3UaHnpuwWeY7LYPok23CGYUmjidTmJQjm0zm+vgoA=="],

    "@orpc/shared": ["@orpc/shared@1.14.6", "", { "dependencies": { "radash": "^12.1.1", "type-fest": "^5.4.4" }, "peerDependencies": { "@opentelemetry/api": ">=1.9.0" }, "optionalPeers": ["@opentelemetry/api"] }, "sha512-P2W+DdrUq18kUiF7nIw5wDOA0SR41mM/NsVKDVRsdyhdHk9V9KDuW1JRymyMl+7Wo5SDeSr1Rm/VjA5v08+PHw=="],

    "@orpc/standard-server": ["@orpc/standard-server@1.14.6", "", { "dependencies": { "@orpc/shared": "1.14.6" } }, "sha512-75Oh4rAZb8K7P46d6v7R2JhjqjLLEo7Qs4+ABdF+f0m0uKM1oaykJWy7leqTJ+WaYm+uDbsZl/3nyWie9aeJTg=="],

    "@orpc/standard-server-aws-lambda": ["@orpc/standard-server-aws-lambda@1.14.6", "", { "dependencies": { "@orpc/shared": "1.14.6", "@orpc/standard-server": "1.14.6", "@orpc/standard-server-fetch": "1.14.6", "@orpc/standard-server-node": "1.14.6" } }, "sha512-8FQX0uBQ2OKkIrF0u5qpd9EH2uqaM1n37NJSw9bvQqLnqoSfzk0xzVkP5s+c8N0Gec6M9mnrLvB7aqQSlpPukw=="],

    "@orpc/standard-server-fastify": ["@orpc/standard-server-fastify@1.14.6", "", { "dependencies": { "@orpc/shared": "1.14.6", "@orpc/standard-server": "1.14.6", "@orpc/standard-server-node": "1.14.6" }, "peerDependencies": { "fastify": ">=5.6.1" }, "optionalPeers": ["fastify"] }, "sha512-cwS7jRfc+yM8bFyEFVzVcXfgYLfy96KpdPBPUlIQLpInwYvMxePpENM3rEAJ3MHOfMHx1PT5LidrlbR7Npb1Cg=="],

    "@orpc/standard-server-fetch": ["@orpc/standard-server-fetch@1.14.6", "", { "dependencies": { "@orpc/shared": "1.14.6", "@orpc/standard-server": "1.14.6" } }, "sha512-XnwEnHaKMMBoilK0QVwgMsUvDbCXyz6CDoLgMN51v+p3VSnwjIkrMdOwbc/sj43z6T4irQDu9Zm8T1pxxh1L8w=="],

    "@orpc/standard-server-node": ["@orpc/standard-server-node@1.14.6", "", { "dependencies": { "@orpc/shared": "1.14.6", "@orpc/standard-server": "1.14.6", "@orpc/standard-server-fetch": "1.14.6" } }, "sha512-CmW/EPu1dxoppYMRmsK+F3Z22wMx74RLUtjRokXyRKu4XEX/Ja6nwD+xauQcAMiAQYkp39aCMofAW7BvA46Qcg=="],

    "@orpc/standard-server-peer": ["@orpc/standard-server-peer@1.14.6", "", { "dependencies": { "@orpc/shared": "1.14.6", "@orpc/standard-server": "1.14.6" } }, "sha512-jwVGc5yRA5hk1F/W4yw45P2H4fbu4Tfsk62XijJBXRvtlSNKvvPAuwAd6jFv/fxnq2SH/uskgi91Ja9wgfnYDQ=="],

    "@standard-schema/spec": ["@standard-schema/spec@1.1.0", "", {}, "sha512-l2aFy5jALhniG5HgqrD6jXLi/rUWrKvqN/qJx6yoJsgKhblVd+iqqU4RCXavm/jPityDo5TCvKMnpjKnOriy0w=="],

    "@typescript/native-preview": ["@typescript/native-preview@7.0.0-dev.20260617.2", "", { "optionalDependencies": { "@typescript/native-preview-darwin-arm64": "7.0.0-dev.20260617.2", "@typescript/native-preview-darwin-x64": "7.0.0-dev.20260617.2", "@typescript/native-preview-linux-arm": "7.0.0-dev.20260617.2", "@typescript/native-preview-linux-arm64": "7.0.0-dev.20260617.2", "@typescript/native-preview-linux-x64": "7.0.0-dev.20260617.2", "@typescript/native-preview-win32-arm64": "7.0.0-dev.20260617.2", "@typescript/native-preview-win32-x64": "7.0.0-dev.20260617.2" }, "bin": { "tsgo": "bin/tsgo.js" } }, "sha512-PvEU1RcMgON18fb65PW8xkAD1X270kjvC6BjE3c6YMe6T4cmXxOPYuNQWGIBTpeNSxN2yW1qUlHdMxKgUYuKxQ=="],

    "@typescript/native-preview-darwin-arm64": ["@typescript/native-preview-darwin-arm64@7.0.0-dev.20260617.2", "", { "os": "darwin", "cpu": "arm64" }, "sha512-fr6hLBO+XOUJQ+WDRIbGLDhVOL1vDlrnn086U6QKVu2aT5XtGOcas1KIl2NJOihSgEI5ZRaUGrQsGpeXu0LNwQ=="],

    "@typescript/native-preview-darwin-x64": ["@typescript/native-preview-darwin-x64@7.0.0-dev.20260617.2", "", { "os": "darwin", "cpu": "x64" }, "sha512-tJy6NnyvCqD2NgW+izXJ4D8d/xve5W+lkbDMPsX60aqqnS3f9yMuhHLIbj9vnIfB7NMv+xeV5uC2DK3g7FRDZw=="],

    "@typescript/native-preview-linux-arm": ["@typescript/native-preview-linux-arm@7.0.0-dev.20260617.2", "", { "os": "linux", "cpu": "arm" }, "sha512-uVBcvZ7Z9H3BkIOyC1wpsGb+Mfvnl+Ss6V+4yLJQA9Rh3ghpBIZj0ZAWH7XwdjoazU2zyj8IiJJB5CgeIp3d9w=="],

    "@typescript/native-preview-linux-arm64": ["@typescript/native-preview-linux-arm64@7.0.0-dev.20260617.2", "", { "os": "linux", "cpu": "arm64" }, "sha512-H78Hs/Ycr+i+b3+UToAs16SX+2s/ZZ2jDVXx+EIQ2qxVkQWFkiAg99uFDC6nthLrjw9dyIICwby6ZnwbFW47iQ=="],

    "@typescript/native-preview-linux-x64": ["@typescript/native-preview-linux-x64@7.0.0-dev.20260617.2", "", { "os": "linux", "cpu": "x64" }, "sha512-KKW/eqJRe1xm2omYPZJvOu7xDspJPVKb8Z6v0MwgzOnRtRTcGRj+nRJX9h9LKTWxyv5D7TU6zNzLlJvNfP8kAQ=="],

    "@typescript/native-preview-win32-arm64": ["@typescript/native-preview-win32-arm64@7.0.0-dev.20260617.2", "", { "os": "win32", "cpu": "arm64" }, "sha512-XsLqZ6nz+fwQqR0lAHYsCOI2BwTsp4iBgdHFIwfjznBnyctPX5WxKZSqmnRxrhQxF+6qKwXplwcfP+2bOCWf/A=="],

    "@typescript/native-preview-win32-x64": ["@typescript/native-preview-win32-x64@7.0.0-dev.20260617.2", "", { "os": "win32", "cpu": "x64" }, "sha512-+nSSVVhp17R5KHSQw2uO0CGtTGCb9bUeQ/INcUCycVfO0tguwdyoYiuL8enlVkh059MgZW6LjqIhKXQHkGW+Lw=="],

    "cookie": ["cookie@1.1.1", "", {}, "sha512-ei8Aos7ja0weRpFzJnEA9UHJ/7XQmqglbRwnf2ATjcB9Wq874VKH9kfjjirM6UhU2/E5fFYadylyhFldcqSidQ=="],

    "hono": ["hono@4.12.26", "", {}, "sha512-uyZtpnYxM9CmQ7QsQknM4zN8EftNqhON1qYeIKM0Se67CCEe2c44xyGURwB0axX2fBDu1dqHrHAc1hmNT8ITkw=="],

    "openapi-types": ["openapi-types@12.1.3", "", {}, "sha512-N4YtSYJqghVu4iek2ZUvcN/0aqH1kRDuNqzcycDxhOUpg7GdvLa2F3DgS6yBNhInhv2r/6I0Flkn7CqL8+nIcw=="],

    "openapi3-ts": ["openapi3-ts@4.6.0", "", { "dependencies": { "yaml": "^2.9.0" } }, "sha512-a4sfn6L2sIShhtzJqmjGrARvxAW/3F2BJDdyRVvNF9VhAsZSh5hSyI3a9TNvmzBxXmq66nY5LNT5bQcBxYAZZg=="],

    "radash": ["radash@12.1.1", "", {}, "sha512-h36JMxKRqrAxVD8201FrCpyeNuUY9Y5zZwujr20fFO77tpUtGa6EZzfKw/3WaiBX95fq7+MpsuMLNdSnORAwSA=="],

    "tagged-tag": ["tagged-tag@1.0.0", "", {}, "sha512-yEFYrVhod+hdNyx7g5Bnkkb0G6si8HJurOoOEgC8B/O0uXLHlaey/65KRv6cuWBNhBgHKAROVpc7QyYqE5gFng=="],

    "type-fest": ["type-fest@5.7.0", "", { "dependencies": { "tagged-tag": "^1.0.0" } }, "sha512-1URUxUqfHFM1c+zfSPsa3gnkO7Aq21qyH75SIduNYz4SzY964rn1X2vCMQaHSHhktiw+0kPa2iyb6PUpXqB6Vg=="],

    "typescript": ["typescript@6.0.3", "", { "bin": { "tsc": "bin/tsc", "tsserver": "bin/tsserver" } }, "sha512-y2TvuxSZPDyQakkFRPZHKFm+KKVqIisdg9/CZwm9ftvKXLP8NRWj38/ODjNbr43SsoXqNuAisEf1GdCxqWcdBw=="],

    "yaml": ["yaml@2.9.0", "", { "bin": { "yaml": "bin.mjs" } }, "sha512-2AvhNX3mb8zd6Zy7INTtSpl1F15HW6Wnqj0srWlkKLcpYl/gMIMJiyuGq2KeI2YFxUPjdlB+3Lc10seMLtL4cA=="],

    "zod": ["zod@4.4.3", "", {}, "sha512-ytENFjIJFl2UwYglde2jchW2Hwm4GJFLDiSXWdTrJQBIN9Fcyp7n4DhxJEiWNAJMV1/BqWfW/kkg71UDcHJyTQ=="],
  }
}
